// !$*UTF8*$!
{
	archiveVersion = 1;
	classes = {
	};
	objectVersion = 46;
	objects = {

/* Begin PBXBuildFile section */
		485AF2831E979AD900D9DF7D /* ApplicationGroup+Prephirences.swift in Sources */ = {isa = PBXBuildFile; fileRef = 485AF2791E979AD900D9DF7D /* ApplicationGroup+Prephirences.swift */; };
		485AF2841E979AD900D9DF7D /* ApplicationGroup+Prephirences.swift in Sources */ = {isa = PBXBuildFile; fileRef = 485AF2791E979AD900D9DF7D /* ApplicationGroup+Prephirences.swift */; };
		485AF2851E979AD900D9DF7D /* ApplicationGroup+Prephirences.swift in Sources */ = {isa = PBXBuildFile; fileRef = 485AF2791E979AD900D9DF7D /* ApplicationGroup+Prephirences.swift */; };
		485AF2861E979AD900D9DF7D /* ApplicationGroup.swift in Sources */ = {isa = PBXBuildFile; fileRef = 485AF27A1E979AD900D9DF7D /* ApplicationGroup.swift */; };
		485AF2871E979AD900D9DF7D /* ApplicationGroup.swift in Sources */ = {isa = PBXBuildFile; fileRef = 485AF27A1E979AD900D9DF7D /* ApplicationGroup.swift */; };
		485AF2881E979AD900D9DF7D /* ApplicationGroup.swift in Sources */ = {isa = PBXBuildFile; fileRef = 485AF27A1E979AD900D9DF7D /* ApplicationGroup.swift */; };
		485AF2891E979AD900D9DF7D /* DarwinNotificationCenter.swift in Sources */ = {isa = PBXBuildFile; fileRef = 485AF27B1E979AD900D9DF7D /* DarwinNotificationCenter.swift */; };
		485AF28A1E979AD900D9DF7D /* DarwinNotificationCenter.swift in Sources */ = {isa = PBXBuildFile; fileRef = 485AF27B1E979AD900D9DF7D /* DarwinNotificationCenter.swift */; };
		485AF28B1E979AD900D9DF7D /* DarwinNotificationCenter.swift in Sources */ = {isa = PBXBuildFile; fileRef = 485AF27B1E979AD900D9DF7D /* DarwinNotificationCenter.swift */; };
		485AF28C1E979AD900D9DF7D /* FileCoordinatorMessenger.swift in Sources */ = {isa = PBXBuildFile; fileRef = 485AF27C1E979AD900D9DF7D /* FileCoordinatorMessenger.swift */; };
		485AF28D1E979AD900D9DF7D /* FileCoordinatorMessenger.swift in Sources */ = {isa = PBXBuildFile; fileRef = 485AF27C1E979AD900D9DF7D /* FileCoordinatorMessenger.swift */; };
		485AF28E1E979AD900D9DF7D /* FileCoordinatorMessenger.swift in Sources */ = {isa = PBXBuildFile; fileRef = 485AF27C1E979AD900D9DF7D /* FileCoordinatorMessenger.swift */; };
		485AF28F1E979AD900D9DF7D /* FileMessenger.swift in Sources */ = {isa = PBXBuildFile; fileRef = 485AF27D1E979AD900D9DF7D /* FileMessenger.swift */; };
		485AF2901E979AD900D9DF7D /* FileMessenger.swift in Sources */ = {isa = PBXBuildFile; fileRef = 485AF27D1E979AD900D9DF7D /* FileMessenger.swift */; };
		485AF2911E979AD900D9DF7D /* FileMessenger.swift in Sources */ = {isa = PBXBuildFile; fileRef = 485AF27D1E979AD900D9DF7D /* FileMessenger.swift */; };
		485AF2921E979AD900D9DF7D /* KeyChainMessenger.swift in Sources */ = {isa = PBXBuildFile; fileRef = 485AF27E1E979AD900D9DF7D /* KeyChainMessenger.swift */; };
		485AF2931E979AD900D9DF7D /* KeyChainMessenger.swift in Sources */ = {isa = PBXBuildFile; fileRef = 485AF27E1E979AD900D9DF7D /* KeyChainMessenger.swift */; };
		485AF2941E979AD900D9DF7D /* KeyChainMessenger.swift in Sources */ = {isa = PBXBuildFile; fileRef = 485AF27E1E979AD900D9DF7D /* KeyChainMessenger.swift */; };
		485AF2951E979AD900D9DF7D /* Messenger.swift in Sources */ = {isa = PBXBuildFile; fileRef = 485AF27F1E979AD900D9DF7D /* Messenger.swift */; };
		485AF2961E979AD900D9DF7D /* Messenger.swift in Sources */ = {isa = PBXBuildFile; fileRef = 485AF27F1E979AD900D9DF7D /* Messenger.swift */; };
		485AF2971E979AD900D9DF7D /* Messenger.swift in Sources */ = {isa = PBXBuildFile; fileRef = 485AF27F1E979AD900D9DF7D /* Messenger.swift */; };
		485AF2981E979AD900D9DF7D /* MessengerType.swift in Sources */ = {isa = PBXBuildFile; fileRef = 485AF2801E979AD900D9DF7D /* MessengerType.swift */; };
		485AF2991E979AD900D9DF7D /* MessengerType.swift in Sources */ = {isa = PBXBuildFile; fileRef = 485AF2801E979AD900D9DF7D /* MessengerType.swift */; };
		485AF29A1E979AD900D9DF7D /* MessengerType.swift in Sources */ = {isa = PBXBuildFile; fileRef = 485AF2801E979AD900D9DF7D /* MessengerType.swift */; };
		485AF29B1E979AD900D9DF7D /* PreferencesMessenger.swift in Sources */ = {isa = PBXBuildFile; fileRef = 485AF2811E979AD900D9DF7D /* PreferencesMessenger.swift */; };
		485AF29C1E979AD900D9DF7D /* PreferencesMessenger.swift in Sources */ = {isa = PBXBuildFile; fileRef = 485AF2811E979AD900D9DF7D /* PreferencesMessenger.swift */; };
		485AF29D1E979AD900D9DF7D /* PreferencesMessenger.swift in Sources */ = {isa = PBXBuildFile; fileRef = 485AF2811E979AD900D9DF7D /* PreferencesMessenger.swift */; };
		485AF29E1E979AD900D9DF7D /* UserDefaultsMessenger.swift in Sources */ = {isa = PBXBuildFile; fileRef = 485AF2821E979AD900D9DF7D /* UserDefaultsMessenger.swift */; };
		485AF29F1E979AD900D9DF7D /* UserDefaultsMessenger.swift in Sources */ = {isa = PBXBuildFile; fileRef = 485AF2821E979AD900D9DF7D /* UserDefaultsMessenger.swift */; };
		485AF2A01E979AD900D9DF7D /* UserDefaultsMessenger.swift in Sources */ = {isa = PBXBuildFile; fileRef = 485AF2821E979AD900D9DF7D /* UserDefaultsMessenger.swift */; };
		5E3280B8B551FD22342629EF /* Pods_ApplicationGroupKitOSX.framework in Frameworks */ = {isa = PBXBuildFile; fileRef = 346D0C6B9896BBAA4AE3ED35 /* Pods_ApplicationGroupKitOSX.framework */; };
		81F6C6EAA2E7BFD72BF6C0C4 /* Pods_ApplicationGroupKitTVOS.framework in Frameworks */ = {isa = PBXBuildFile; fileRef = 79F0E0374A7AB5D78DA337B9 /* Pods_ApplicationGroupKitTVOS.framework */; };
		C4CC50BC1C3B36270021AA46 /* ApplicationGroupKit.h in Headers */ = {isa = PBXBuildFile; fileRef = C4CC50BB1C3B36270021AA46 /* ApplicationGroupKit.h */; settings = {ATTRIBUTES = (Public, ); }; };
		C4CC50EB1C3B3E980021AA46 /* ApplicationGroupKitOSX.h in Headers */ = {isa = PBXBuildFile; fileRef = C4CC50EA1C3B3E980021AA46 /* ApplicationGroupKitOSX.h */; settings = {ATTRIBUTES = (Public, ); }; };
		C4CC50F81C3B3EB40021AA46 /* ApplicationGroupKitTVOS.h in Headers */ = {isa = PBXBuildFile; fileRef = C4CC50F71C3B3EB40021AA46 /* ApplicationGroupKitTVOS.h */; settings = {ATTRIBUTES = (Public, ); }; };
		DBF335C6780CD3A0AEAFE4D7 /* Pods_ApplicationGroupKit.framework in Frameworks */ = {isa = PBXBuildFile; fileRef = 63C851F9610A04C1607A4818 /* Pods_ApplicationGroupKit.framework */; };
/* End PBXBuildFile section */

/* Begin PBXFileReference section */
		346D0C6B9896BBAA4AE3ED35 /* Pods_ApplicationGroupKitOSX.framework */ = {isa = PBXFileReference; explicitFileType = wrapper.framework; includeInIndex = 0; path = Pods_ApplicationGroupKitOSX.framework; sourceTree = BUILT_PRODUCTS_DIR; };
		35920FE19CF5CAA77FB8BC29 /* Pods.framework */ = {isa = PBXFileReference; explicitFileType = wrapper.framework; includeInIndex = 0; path = Pods.framework; sourceTree = BUILT_PRODUCTS_DIR; };
		485AF2791E979AD900D9DF7D /* ApplicationGroup+Prephirences.swift */ = {isa = PBXFileReference; fileEncoding = 4; lastKnownFileType = sourcecode.swift; path = "ApplicationGroup+Prephirences.swift"; sourceTree = "<group>"; };
		485AF27A1E979AD900D9DF7D /* ApplicationGroup.swift */ = {isa = PBXFileReference; fileEncoding = 4; lastKnownFileType = sourcecode.swift; path = ApplicationGroup.swift; sourceTree = "<group>"; };
		485AF27B1E979AD900D9DF7D /* DarwinNotificationCenter.swift */ = {isa = PBXFileReference; fileEncoding = 4; lastKnownFileType = sourcecode.swift; path = DarwinNotificationCenter.swift; sourceTree = "<group>"; };
		485AF27C1E979AD900D9DF7D /* FileCoordinatorMessenger.swift */ = {isa = PBXFileReference; fileEncoding = 4; lastKnownFileType = sourcecode.swift; path = FileCoordinatorMessenger.swift; sourceTree = "<group>"; };
		485AF27D1E979AD900D9DF7D /* FileMessenger.swift */ = {isa = PBXFileReference; fileEncoding = 4; lastKnownFileType = sourcecode.swift; path = FileMessenger.swift; sourceTree = "<group>"; };
		485AF27E1E979AD900D9DF7D /* KeyChainMessenger.swift */ = {isa = PBXFileReference; fileEncoding = 4; lastKnownFileType = sourcecode.swift; path = KeyChainMessenger.swift; sourceTree = "<group>"; };
		485AF27F1E979AD900D9DF7D /* Messenger.swift */ = {isa = PBXFileReference; fileEncoding = 4; lastKnownFileType = sourcecode.swift; path = Messenger.swift; sourceTree = "<group>"; };
		485AF2801E979AD900D9DF7D /* MessengerType.swift */ = {isa = PBXFileReference; fileEncoding = 4; lastKnownFileType = sourcecode.swift; path = MessengerType.swift; sourceTree = "<group>"; };
		485AF2811E979AD900D9DF7D /* PreferencesMessenger.swift */ = {isa = PBXFileReference; fileEncoding = 4; lastKnownFileType = sourcecode.swift; path = PreferencesMessenger.swift; sourceTree = "<group>"; };
		485AF2821E979AD900D9DF7D /* UserDefaultsMessenger.swift */ = {isa = PBXFileReference; fileEncoding = 4; lastKnownFileType = sourcecode.swift; path = UserDefaultsMessenger.swift; sourceTree = "<group>"; };
		4AD07F29FA0A339A2B0E1A92 /* Pods-ApplicationGroupKitOSX.release.xcconfig */ = {isa = PBXFileReference; includeInIndex = 1; lastKnownFileType = text.xcconfig; name = "Pods-ApplicationGroupKitOSX.release.xcconfig"; path = "Pods/Target Support Files/Pods-ApplicationGroupKitOSX/Pods-ApplicationGroupKitOSX.release.xcconfig"; sourceTree = "<group>"; };
		54B0214CD66ADDE960103E11 /* Pods-ApplicationGroupKit.release.xcconfig */ = {isa = PBXFileReference; includeInIndex = 1; lastKnownFileType = text.xcconfig; name = "Pods-ApplicationGroupKit.release.xcconfig"; path = "Pods/Target Support Files/Pods-ApplicationGroupKit/Pods-ApplicationGroupKit.release.xcconfig"; sourceTree = "<group>"; };
		63C851F9610A04C1607A4818 /* Pods_ApplicationGroupKit.framework */ = {isa = PBXFileReference; explicitFileType = wrapper.framework; includeInIndex = 0; path = Pods_ApplicationGroupKit.framework; sourceTree = BUILT_PRODUCTS_DIR; };
		6717F1D200BC8E6C77704AB1 /* Pods-ApplicationGroupKitOSX.debug.xcconfig */ = {isa = PBXFileReference; includeInIndex = 1; lastKnownFileType = text.xcconfig; name = "Pods-ApplicationGroupKitOSX.debug.xcconfig"; path = "Pods/Target Support Files/Pods-ApplicationGroupKitOSX/Pods-ApplicationGroupKitOSX.debug.xcconfig"; sourceTree = "<group>"; };
		67893A42D2BAFC718E333E69 /* Pods-ApplicationGroupKitTVOS.release.xcconfig */ = {isa = PBXFileReference; includeInIndex = 1; lastKnownFileType = text.xcconfig; name = "Pods-ApplicationGroupKitTVOS.release.xcconfig"; path = "Pods/Target Support Files/Pods-ApplicationGroupKitTVOS/Pods-ApplicationGroupKitTVOS.release.xcconfig"; sourceTree = "<group>"; };
		79F0E0374A7AB5D78DA337B9 /* Pods_ApplicationGroupKitTVOS.framework */ = {isa = PBXFileReference; explicitFileType = wrapper.framework; includeInIndex = 0; path = Pods_ApplicationGroupKitTVOS.framework; sourceTree = BUILT_PRODUCTS_DIR; };
		C4CC50B81C3B36270021AA46 /* ApplicationGroupKit.framework */ = {isa = PBXFileReference; explicitFileType = wrapper.framework; includeInIndex = 0; path = ApplicationGroupKit.framework; sourceTree = BUILT_PRODUCTS_DIR; };
		C4CC50BB1C3B36270021AA46 /* ApplicationGroupKit.h */ = {isa = PBXFileReference; lastKnownFileType = sourcecode.c.h; path = ApplicationGroupKit.h; sourceTree = "<group>"; };
		C4CC50BD1C3B36270021AA46 /* Info.plist */ = {isa = PBXFileReference; lastKnownFileType = text.plist.xml; path = Info.plist; sourceTree = "<group>"; };
		C4CC50E81C3B3E980021AA46 /* ApplicationGroupKit.framework */ = {isa = PBXFileReference; explicitFileType = wrapper.framework; includeInIndex = 0; path = ApplicationGroupKit.framework; sourceTree = BUILT_PRODUCTS_DIR; };
		C4CC50EA1C3B3E980021AA46 /* ApplicationGroupKitOSX.h */ = {isa = PBXFileReference; lastKnownFileType = sourcecode.c.h; path = ApplicationGroupKitOSX.h; sourceTree = "<group>"; };
		C4CC50EC1C3B3E980021AA46 /* Info.plist */ = {isa = PBXFileReference; lastKnownFileType = text.plist.xml; path = Info.plist; sourceTree = "<group>"; };
		C4CC50F51C3B3EB40021AA46 /* ApplicationGroupKit.framework */ = {isa = PBXFileReference; explicitFileType = wrapper.framework; includeInIndex = 0; path = ApplicationGroupKit.framework; sourceTree = BUILT_PRODUCTS_DIR; };
		C4CC50F71C3B3EB40021AA46 /* ApplicationGroupKitTVOS.h */ = {isa = PBXFileReference; lastKnownFileType = sourcecode.c.h; path = ApplicationGroupKitTVOS.h; sourceTree = "<group>"; };
		C4CC50F91C3B3EB40021AA46 /* Info.plist */ = {isa = PBXFileReference; lastKnownFileType = text.plist.xml; path = Info.plist; sourceTree = "<group>"; };
		D0D8DF972A8AD6C5258AF1A8 /* Pods-ApplicationGroupKit.debug.xcconfig */ = {isa = PBXFileReference; includeInIndex = 1; lastKnownFileType = text.xcconfig; name = "Pods-ApplicationGroupKit.debug.xcconfig"; path = "Pods/Target Support Files/Pods-ApplicationGroupKit/Pods-ApplicationGroupKit.debug.xcconfig"; sourceTree = "<group>"; };
		E7BA5924E99AE4AE121F42F8 /* Pods-ApplicationGroupKitTVOS.debug.xcconfig */ = {isa = PBXFileReference; includeInIndex = 1; lastKnownFileType = text.xcconfig; name = "Pods-ApplicationGroupKitTVOS.debug.xcconfig"; path = "Pods/Target Support Files/Pods-ApplicationGroupKitTVOS/Pods-ApplicationGroupKitTVOS.debug.xcconfig"; sourceTree = "<group>"; };
/* End PBXFileReference section */

/* Begin PBXFrameworksBuildPhase section */
		C4CC50B41C3B36270021AA46 /* Frameworks */ = {
			isa = PBXFrameworksBuildPhase;
			buildActionMask = 2147483647;
			files = (
				DBF335C6780CD3A0AEAFE4D7 /* Pods_ApplicationGroupKit.framework in Frameworks */,
			);
			runOnlyForDeploymentPostprocessing = 0;
		};
		C4CC50E41C3B3E980021AA46 /* Frameworks */ = {
			isa = PBXFrameworksBuildPhase;
			buildActionMask = 2147483647;
			files = (
				5E3280B8B551FD22342629EF /* Pods_ApplicationGroupKitOSX.framework in Frameworks */,
			);
			runOnlyForDeploymentPostprocessing = 0;
		};
		C4CC50F11C3B3EB40021AA46 /* Frameworks */ = {
			isa = PBXFrameworksBuildPhase;
			buildActionMask = 2147483647;
			files = (
				81F6C6EAA2E7BFD72BF6C0C4 /* Pods_ApplicationGroupKitTVOS.framework in Frameworks */,
			);
			runOnlyForDeploymentPostprocessing = 0;
		};
/* End PBXFrameworksBuildPhase section */

/* Begin PBXGroup section */
		3C03A0356E2498E349622265 /* Frameworks */ = {
			isa = PBXGroup;
			children = (
				35920FE19CF5CAA77FB8BC29 /* Pods.framework */,
				63C851F9610A04C1607A4818 /* Pods_ApplicationGroupKit.framework */,
				346D0C6B9896BBAA4AE3ED35 /* Pods_ApplicationGroupKitOSX.framework */,
				79F0E0374A7AB5D78DA337B9 /* Pods_ApplicationGroupKitTVOS.framework */,
			);
			name = Frameworks;
			sourceTree = "<group>";
		};
		485AF2781E979AD900D9DF7D /* Sources */ = {
			isa = PBXGroup;
			children = (
				485AF2791E979AD900D9DF7D /* ApplicationGroup+Prephirences.swift */,
				485AF27A1E979AD900D9DF7D /* ApplicationGroup.swift */,
				485AF27B1E979AD900D9DF7D /* DarwinNotificationCenter.swift */,
				485AF27F1E979AD900D9DF7D /* Messenger.swift */,
				485AF2801E979AD900D9DF7D /* MessengerType.swift */,
				485AF2A11E979AEE00D9DF7D /* MessengerType */,
			);
			path = Sources;
			sourceTree = "<group>";
		};
		485AF2A11E979AEE00D9DF7D /* MessengerType */ = {
			isa = PBXGroup;
			children = (
				485AF27C1E979AD900D9DF7D /* FileCoordinatorMessenger.swift */,
				485AF27D1E979AD900D9DF7D /* FileMessenger.swift */,
				485AF27E1E979AD900D9DF7D /* KeyChainMessenger.swift */,
				485AF2811E979AD900D9DF7D /* PreferencesMessenger.swift */,
				485AF2821E979AD900D9DF7D /* UserDefaultsMessenger.swift */,
			);
			name = MessengerType;
			sourceTree = "<group>";
		};
		485AF2A21E979AFB00D9DF7D /* Xcode */ = {
			isa = PBXGroup;
			children = (
				C4CC50BA1C3B36270021AA46 /* iOS */,
				C4CC50E91C3B3E980021AA46 /* macOS */,
				C4CC50F61C3B3EB40021AA46 /* tvOS */,
			);
			path = Xcode;
			sourceTree = "<group>";
		};
		C4CC50AE1C3B36270021AA46 = {
			isa = PBXGroup;
			children = (
				485AF2781E979AD900D9DF7D /* Sources */,
				485AF2A21E979AFB00D9DF7D /* Xcode */,
				C4CC50B91C3B36270021AA46 /* Products */,
				3C03A0356E2498E349622265 /* Frameworks */,
				F96EB3010262602E8CAAD084 /* Pods */,
			);
			sourceTree = "<group>";
		};
		C4CC50B91C3B36270021AA46 /* Products */ = {
			isa = PBXGroup;
			children = (
				C4CC50B81C3B36270021AA46 /* ApplicationGroupKit.framework */,
				C4CC50E81C3B3E980021AA46 /* ApplicationGroupKit.framework */,
				C4CC50F51C3B3EB40021AA46 /* ApplicationGroupKit.framework */,
			);
			name = Products;
			sourceTree = "<group>";
		};
		C4CC50BA1C3B36270021AA46 /* iOS */ = {
			isa = PBXGroup;
			children = (
				C4CC50BB1C3B36270021AA46 /* ApplicationGroupKit.h */,
				C4CC50BD1C3B36270021AA46 /* Info.plist */,
			);
			path = iOS;
			sourceTree = "<group>";
		};
		C4CC50E91C3B3E980021AA46 /* macOS */ = {
			isa = PBXGroup;
			children = (
				C4CC50EA1C3B3E980021AA46 /* ApplicationGroupKitOSX.h */,
				C4CC50EC1C3B3E980021AA46 /* Info.plist */,
			);
			path = macOS;
			sourceTree = "<group>";
		};
		C4CC50F61C3B3EB40021AA46 /* tvOS */ = {
			isa = PBXGroup;
			children = (
				C4CC50F71C3B3EB40021AA46 /* ApplicationGroupKitTVOS.h */,
				C4CC50F91C3B3EB40021AA46 /* Info.plist */,
			);
			path = tvOS;
			sourceTree = "<group>";
		};
		F96EB3010262602E8CAAD084 /* Pods */ = {
			isa = PBXGroup;
			children = (
				D0D8DF972A8AD6C5258AF1A8 /* Pods-ApplicationGroupKit.debug.xcconfig */,
				54B0214CD66ADDE960103E11 /* Pods-ApplicationGroupKit.release.xcconfig */,
				6717F1D200BC8E6C77704AB1 /* Pods-ApplicationGroupKitOSX.debug.xcconfig */,
				4AD07F29FA0A339A2B0E1A92 /* Pods-ApplicationGroupKitOSX.release.xcconfig */,
				E7BA5924E99AE4AE121F42F8 /* Pods-ApplicationGroupKitTVOS.debug.xcconfig */,
				67893A42D2BAFC718E333E69 /* Pods-ApplicationGroupKitTVOS.release.xcconfig */,
			);
			name = Pods;
			sourceTree = "<group>";
		};
/* End PBXGroup section */

/* Begin PBXHeadersBuildPhase section */
		C4CC50B51C3B36270021AA46 /* Headers */ = {
			isa = PBXHeadersBuildPhase;
			buildActionMask = 2147483647;
			files = (
				C4CC50BC1C3B36270021AA46 /* ApplicationGroupKit.h in Headers */,
			);
			runOnlyForDeploymentPostprocessing = 0;
		};
		C4CC50E51C3B3E980021AA46 /* Headers */ = {
			isa = PBXHeadersBuildPhase;
			buildActionMask = 2147483647;
			files = (
				C4CC50EB1C3B3E980021AA46 /* ApplicationGroupKitOSX.h in Headers */,
			);
			runOnlyForDeploymentPostprocessing = 0;
		};
		C4CC50F21C3B3EB40021AA46 /* Headers */ = {
			isa = PBXHeadersBuildPhase;
			buildActionMask = 2147483647;
			files = (
				C4CC50F81C3B3EB40021AA46 /* ApplicationGroupKitTVOS.h in Headers */,
			);
			runOnlyForDeploymentPostprocessing = 0;
		};
/* End PBXHeadersBuildPhase section */

/* Begin PBXNativeTarget section */
		C4CC50B71C3B36270021AA46 /* ApplicationGroupKit */ = {
			isa = PBXNativeTarget;
			buildConfigurationList = C4CC50C01C3B36270021AA46 /* Build configuration list for PBXNativeTarget "ApplicationGroupKit" */;
			buildPhases = (
				92974C7F4C16DCF9D6C3964D /* [CP] Check Pods Manifest.lock */,
				C4CC50B31C3B36270021AA46 /* Sources */,
				C4CC50B41C3B36270021AA46 /* Frameworks */,
				C4CC50B51C3B36270021AA46 /* Headers */,
				C4CC50B61C3B36270021AA46 /* Resources */,
				20966BD2A48FB3A193E60C1B /* [CP] Copy Pods Resources */,
			);
			buildRules = (
			);
			dependencies = (
			);
			name = ApplicationGroupKit;
			productName = ApplicationGroupKit;
			productReference = C4CC50B81C3B36270021AA46 /* ApplicationGroupKit.framework */;
			productType = "com.apple.product-type.framework";
		};
		C4CC50E71C3B3E980021AA46 /* ApplicationGroupKitOSX */ = {
			isa = PBXNativeTarget;
			buildConfigurationList = C4CC50ED1C3B3E980021AA46 /* Build configuration list for PBXNativeTarget "ApplicationGroupKitOSX" */;
			buildPhases = (
				8F0742643284F9C0BEB2EF00 /* [CP] Check Pods Manifest.lock */,
				C4CC50E31C3B3E980021AA46 /* Sources */,
				C4CC50E41C3B3E980021AA46 /* Frameworks */,
				C4CC50E51C3B3E980021AA46 /* Headers */,
				C4CC50E61C3B3E980021AA46 /* Resources */,
				EACB67B58CA7C806ABBBDF78 /* [CP] Copy Pods Resources */,
			);
			buildRules = (
			);
			dependencies = (
			);
			name = ApplicationGroupKitOSX;
			productName = ApplicationGroupKitOSX;
			productReference = C4CC50E81C3B3E980021AA46 /* ApplicationGroupKit.framework */;
			productType = "com.apple.product-type.framework";
		};
		C4CC50F41C3B3EB40021AA46 /* ApplicationGroupKitTVOS */ = {
			isa = PBXNativeTarget;
			buildConfigurationList = C4CC50FA1C3B3EB40021AA46 /* Build configuration list for PBXNativeTarget "ApplicationGroupKitTVOS" */;
			buildPhases = (
				43C79B8F17A1ED591D60AED1 /* [CP] Check Pods Manifest.lock */,
				C4CC50F01C3B3EB40021AA46 /* Sources */,
				C4CC50F11C3B3EB40021AA46 /* Frameworks */,
				C4CC50F21C3B3EB40021AA46 /* Headers */,
				C4CC50F31C3B3EB40021AA46 /* Resources */,
				8AFA55F223A1523537B71956 /* [CP] Copy Pods Resources */,
			);
			buildRules = (
			);
			dependencies = (
			);
			name = ApplicationGroupKitTVOS;
			productName = ApplicationGroupKitTVOS;
			productReference = C4CC50F51C3B3EB40021AA46 /* ApplicationGroupKit.framework */;
			productType = "com.apple.product-type.framework";
		};
/* End PBXNativeTarget section */

/* Begin PBXProject section */
		C4CC50AF1C3B36270021AA46 /* Project object */ = {
			isa = PBXProject;
			attributes = {
				LastSwiftUpdateCheck = 0720;
				LastUpgradeCheck = 0830;
				ORGANIZATIONNAME = phimage;
				TargetAttributes = {
					C4CC50B71C3B36270021AA46 = {
						CreatedOnToolsVersion = 7.2;
						DevelopmentTeam = GGU39CDBL2;
						LastSwiftMigration = 0830;
					};
					C4CC50E71C3B3E980021AA46 = {
						CreatedOnToolsVersion = 7.2;
						LastSwiftMigration = 0830;
					};
					C4CC50F41C3B3EB40021AA46 = {
						CreatedOnToolsVersion = 7.2;
						DevelopmentTeam = GGU39CDBL2;
						LastSwiftMigration = 0830;
					};
				};
			};
			buildConfigurationList = C4CC50B21C3B36270021AA46 /* Build configuration list for PBXProject "ApplicationGroupKit" */;
			compatibilityVersion = "Xcode 3.2";
			developmentRegion = English;
			hasScannedForEncodings = 0;
			knownRegions = (
				en,
				Base,
			);
			mainGroup = C4CC50AE1C3B36270021AA46;
			productRefGroup = C4CC50B91C3B36270021AA46 /* Products */;
			projectDirPath = "";
			projectRoot = "";
			targets = (
				C4CC50B71C3B36270021AA46 /* ApplicationGroupKit */,
				C4CC50E71C3B3E980021AA46 /* ApplicationGroupKitOSX */,
				C4CC50F41C3B3EB40021AA46 /* ApplicationGroupKitTVOS */,
			);
		};
/* End PBXProject section */

/* Begin PBXResourcesBuildPhase section */
		C4CC50B61C3B36270021AA46 /* Resources */ = {
			isa = PBXResourcesBuildPhase;
			buildActionMask = 2147483647;
			files = (
			);
			runOnlyForDeploymentPostprocessing = 0;
		};
		C4CC50E61C3B3E980021AA46 /* Resources */ = {
			isa = PBXResourcesBuildPhase;
			buildActionMask = 2147483647;
			files = (
			);
			runOnlyForDeploymentPostprocessing = 0;
		};
		C4CC50F31C3B3EB40021AA46 /* Resources */ = {
			isa = PBXResourcesBuildPhase;
			buildActionMask = 2147483647;
			files = (
			);
			runOnlyForDeploymentPostprocessing = 0;
		};
/* End PBXResourcesBuildPhase section */

/* Begin PBXShellScriptBuildPhase section */
		20966BD2A48FB3A193E60C1B /* [CP] Copy Pods Resources */ = {
			isa = PBXShellScriptBuildPhase;
			buildActionMask = 2147483647;
			files = (
			);
			inputPaths = (
			);
			name = "[CP] Copy Pods Resources";
			outputPaths = (
			);
			runOnlyForDeploymentPostprocessing = 0;
			shellPath = /bin/sh;
			shellScript = "\"${SRCROOT}/Pods/Target Support Files/Pods-ApplicationGroupKit/Pods-ApplicationGroupKit-resources.sh\"\n";
			showEnvVarsInLog = 0;
		};
		43C79B8F17A1ED591D60AED1 /* [CP] Check Pods Manifest.lock */ = {
			isa = PBXShellScriptBuildPhase;
			buildActionMask = 2147483647;
			files = (
			);
			inputPaths = (
			);
			name = "[CP] Check Pods Manifest.lock";
			outputPaths = (
			);
			runOnlyForDeploymentPostprocessing = 0;
			shellPath = /bin/sh;
			shellScript = "diff \"${PODS_ROOT}/../Podfile.lock\" \"${PODS_ROOT}/Manifest.lock\" > /dev/null\nif [ $? != 0 ] ; then\n    # print error to STDERR\n    echo \"error: The sandbox is not in sync with the Podfile.lock. Run 'pod install' or update your CocoaPods installation.\" >&2\n    exit 1\nfi\n";
			showEnvVarsInLog = 0;
		};
		8AFA55F223A1523537B71956 /* [CP] Copy Pods Resources */ = {
			isa = PBXShellScriptBuildPhase;
			buildActionMask = 2147483647;
			files = (
			);
			inputPaths = (
			);
			name = "[CP] Copy Pods Resources";
			outputPaths = (
			);
			runOnlyForDeploymentPostprocessing = 0;
			shellPath = /bin/sh;
			shellScript = "\"${SRCROOT}/Pods/Target Support Files/Pods-ApplicationGroupKitTVOS/Pods-ApplicationGroupKitTVOS-resources.sh\"\n";
			showEnvVarsInLog = 0;
		};
		8F0742643284F9C0BEB2EF00 /* [CP] Check Pods Manifest.lock */ = {
			isa = PBXShellScriptBuildPhase;
			buildActionMask = 2147483647;
			files = (
			);
			inputPaths = (
			);
			name = "[CP] Check Pods Manifest.lock";
			outputPaths = (
			);
			runOnlyForDeploymentPostprocessing = 0;
			shellPath = /bin/sh;
			shellScript = "diff \"${PODS_ROOT}/../Podfile.lock\" \"${PODS_ROOT}/Manifest.lock\" > /dev/null\nif [ $? != 0 ] ; then\n    # print error to STDERR\n    echo \"error: The sandbox is not in sync with the Podfile.lock. Run 'pod install' or update your CocoaPods installation.\" >&2\n    exit 1\nfi\n";
			showEnvVarsInLog = 0;
		};
		92974C7F4C16DCF9D6C3964D /* [CP] Check Pods Manifest.lock */ = {
			isa = PBXShellScriptBuildPhase;
			buildActionMask = 2147483647;
			files = (
			);
			inputPaths = (
			);
			name = "[CP] Check Pods Manifest.lock";
			outputPaths = (
			);
			runOnlyForDeploymentPostprocessing = 0;
			shellPath = /bin/sh;
			shellScript = "diff \"${PODS_ROOT}/../Podfile.lock\" \"${PODS_ROOT}/Manifest.lock\" > /dev/null\nif [ $? != 0 ] ; then\n    # print error to STDERR\n    echo \"error: The sandbox is not in sync with the Podfile.lock. Run 'pod install' or update your CocoaPods installation.\" >&2\n    exit 1\nfi\n";
			showEnvVarsInLog = 0;
		};
		EACB67B58CA7C806ABBBDF78 /* [CP] Copy Pods Resources */ = {
			isa = PBXShellScriptBuildPhase;
			buildActionMask = 2147483647;
			files = (
			);
			inputPaths = (
			);
			name = "[CP] Copy Pods Resources";
			outputPaths = (
			);
			runOnlyForDeploymentPostprocessing = 0;
			shellPath = /bin/sh;
			shellScript = "\"${SRCROOT}/Pods/Target Support Files/Pods-ApplicationGroupKitOSX/Pods-ApplicationGroupKitOSX-resources.sh\"\n";
			showEnvVarsInLog = 0;
		};
/* End PBXShellScriptBuildPhase section */

/* Begin PBXSourcesBuildPhase section */
		C4CC50B31C3B36270021AA46 /* Sources */ = {
			isa = PBXSourcesBuildPhase;
			buildActionMask = 2147483647;
			files = (
				485AF2891E979AD900D9DF7D /* DarwinNotificationCenter.swift in Sources */,
				485AF28F1E979AD900D9DF7D /* FileMessenger.swift in Sources */,
				485AF2921E979AD900D9DF7D /* KeyChainMessenger.swift in Sources */,
				485AF28C1E979AD900D9DF7D /* FileCoordinatorMessenger.swift in Sources */,
				485AF2831E979AD900D9DF7D /* ApplicationGroup+Prephirences.swift in Sources */,
				485AF2981E979AD900D9DF7D /* MessengerType.swift in Sources */,
				485AF2951E979AD900D9DF7D /* Messenger.swift in Sources */,
				485AF2861E979AD900D9DF7D /* ApplicationGroup.swift in Sources */,
				485AF29B1E979AD900D9DF7D /* PreferencesMessenger.swift in Sources */,
				485AF29E1E979AD900D9DF7D /* UserDefaultsMessenger.swift in Sources */,
			);
			runOnlyForDeploymentPostprocessing = 0;
		};
		C4CC50E31C3B3E980021AA46 /* Sources */ = {
			isa = PBXSourcesBuildPhase;
			buildActionMask = 2147483647;
			files = (
				485AF28A1E979AD900D9DF7D /* DarwinNotificationCenter.swift in Sources */,
				485AF2901E979AD900D9DF7D /* FileMessenger.swift in Sources */,
				485AF2931E979AD900D9DF7D /* KeyChainMessenger.swift in Sources */,
				485AF28D1E979AD900D9DF7D /* FileCoordinatorMessenger.swift in Sources */,
				485AF2841E979AD900D9DF7D /* ApplicationGroup+Prephirences.swift in Sources */,
				485AF2991E979AD900D9DF7D /* MessengerType.swift in Sources */,
				485AF2961E979AD900D9DF7D /* Messenger.swift in Sources */,
				485AF2871E979AD900D9DF7D /* ApplicationGroup.swift in Sources */,
				485AF29C1E979AD900D9DF7D /* PreferencesMessenger.swift in Sources */,
				485AF29F1E979AD900D9DF7D /* UserDefaultsMessenger.swift in Sources */,
			);
			runOnlyForDeploymentPostprocessing = 0;
		};
		C4CC50F01C3B3EB40021AA46 /* Sources */ = {
			isa = PBXSourcesBuildPhase;
			buildActionMask = 2147483647;
			files = (
				485AF2881E979AD900D9DF7D /* ApplicationGroup.swift in Sources */,
				485AF29A1E979AD900D9DF7D /* MessengerType.swift in Sources */,
				485AF2A01E979AD900D9DF7D /* UserDefaultsMessenger.swift in Sources */,
				485AF2971E979AD900D9DF7D /* Messenger.swift in Sources */,
				485AF29D1E979AD900D9DF7D /* PreferencesMessenger.swift in Sources */,
				485AF2911E979AD900D9DF7D /* FileMessenger.swift in Sources */,
				485AF2941E979AD900D9DF7D /* KeyChainMessenger.swift in Sources */,
				485AF28E1E979AD900D9DF7D /* FileCoordinatorMessenger.swift in Sources */,
				485AF2851E979AD900D9DF7D /* ApplicationGroup+Prephirences.swift in Sources */,
				485AF28B1E979AD900D9DF7D /* DarwinNotificationCenter.swift in Sources */,
			);
			runOnlyForDeploymentPostprocessing = 0;
		};
/* End PBXSourcesBuildPhase section */

/* Begin XCBuildConfiguration section */
		C4CC50BE1C3B36270021AA46 /* Debug */ = {
			isa = XCBuildConfiguration;
			buildSettings = {
				ALWAYS_SEARCH_USER_PATHS = NO;
				CLANG_CXX_LANGUAGE_STANDARD = "gnu++0x";
				CLANG_CXX_LIBRARY = "libc++";
				CLANG_ENABLE_MODULES = YES;
				CLANG_ENABLE_OBJC_ARC = YES;
				CLANG_WARN_BOOL_CONVERSION = YES;
				CLANG_WARN_CONSTANT_CONVERSION = YES;
				CLANG_WARN_DIRECT_OBJC_ISA_USAGE = YES_ERROR;
				CLANG_WARN_EMPTY_BODY = YES;
				CLANG_WARN_ENUM_CONVERSION = YES;
				CLANG_WARN_INFINITE_RECURSION = YES;
				CLANG_WARN_INT_CONVERSION = YES;
				CLANG_WARN_OBJC_ROOT_CLASS = YES_ERROR;
				CLANG_WARN_SUSPICIOUS_MOVE = YES;
				CLANG_WARN_UNREACHABLE_CODE = YES;
				CLANG_WARN__DUPLICATE_METHOD_MATCH = YES;
				"CODE_SIGN_IDENTITY[sdk=iphoneos*]" = "iPhone Developer";
				COPY_PHASE_STRIP = NO;
				CURRENT_PROJECT_VERSION = 1;
				DEBUG_INFORMATION_FORMAT = dwarf;
				ENABLE_STRICT_OBJC_MSGSEND = YES;
				ENABLE_TESTABILITY = YES;
				GCC_C_LANGUAGE_STANDARD = gnu99;
				GCC_DYNAMIC_NO_PIC = NO;
				GCC_NO_COMMON_BLOCKS = YES;
				GCC_OPTIMIZATION_LEVEL = 0;
				GCC_PREPROCESSOR_DEFINITIONS = (
					"DEBUG=1",
					"$(inherited)",
				);
				GCC_WARN_64_TO_32_BIT_CONVERSION = YES;
				GCC_WARN_ABOUT_RETURN_TYPE = YES_ERROR;
				GCC_WARN_UNDECLARED_SELECTOR = YES;
				GCC_WARN_UNINITIALIZED_AUTOS = YES_AGGRESSIVE;
				GCC_WARN_UNUSED_FUNCTION = YES;
				GCC_WARN_UNUSED_VARIABLE = YES;
				IPHONEOS_DEPLOYMENT_TARGET = 9.2;
				MTL_ENABLE_DEBUG_INFO = YES;
				ONLY_ACTIVE_ARCH = YES;
				SDKROOT = iphoneos;
				SWIFT_OPTIMIZATION_LEVEL = "-Onone";
				TARGETED_DEVICE_FAMILY = "1,2";
				VERSIONING_SYSTEM = "apple-generic";
				VERSION_INFO_PREFIX = "";
			};
			name = Debug;
		};
		C4CC50BF1C3B36270021AA46 /* Release */ = {
			isa = XCBuildConfiguration;
			buildSettings = {
				ALWAYS_SEARCH_USER_PATHS = NO;
				CLANG_CXX_LANGUAGE_STANDARD = "gnu++0x";
				CLANG_CXX_LIBRARY = "libc++";
				CLANG_ENABLE_MODULES = YES;
				CLANG_ENABLE_OBJC_ARC = YES;
				CLANG_WARN_BOOL_CONVERSION = YES;
				CLANG_WARN_CONSTANT_CONVERSION = YES;
				CLANG_WARN_DIRECT_OBJC_ISA_USAGE = YES_ERROR;
				CLANG_WARN_EMPTY_BODY = YES;
				CLANG_WARN_ENUM_CONVERSION = YES;
				CLANG_WARN_INFINITE_RECURSION = YES;
				CLANG_WARN_INT_CONVERSION = YES;
				CLANG_WARN_OBJC_ROOT_CLASS = YES_ERROR;
				CLANG_WARN_SUSPICIOUS_MOVE = YES;
				CLANG_WARN_UNREACHABLE_CODE = YES;
				CLANG_WARN__DUPLICATE_METHOD_MATCH = YES;
				"CODE_SIGN_IDENTITY[sdk=iphoneos*]" = "iPhone Developer";
				COPY_PHASE_STRIP = NO;
				CURRENT_PROJECT_VERSION = 1;
				DEBUG_INFORMATION_FORMAT = "dwarf-with-dsym";
				ENABLE_NS_ASSERTIONS = NO;
				ENABLE_STRICT_OBJC_MSGSEND = YES;
				GCC_C_LANGUAGE_STANDARD = gnu99;
				GCC_NO_COMMON_BLOCKS = YES;
				GCC_WARN_64_TO_32_BIT_CONVERSION = YES;
				GCC_WARN_ABOUT_RETURN_TYPE = YES_ERROR;
				GCC_WARN_UNDECLARED_SELECTOR = YES;
				GCC_WARN_UNINITIALIZED_AUTOS = YES_AGGRESSIVE;
				GCC_WARN_UNUSED_FUNCTION = YES;
				GCC_WARN_UNUSED_VARIABLE = YES;
				IPHONEOS_DEPLOYMENT_TARGET = 9.2;
				MTL_ENABLE_DEBUG_INFO = NO;
				SDKROOT = iphoneos;
				SWIFT_OPTIMIZATION_LEVEL = "-Owholemodule";
				TARGETED_DEVICE_FAMILY = "1,2";
				VALIDATE_PRODUCT = YES;
				VERSIONING_SYSTEM = "apple-generic";
				VERSION_INFO_PREFIX = "";
			};
			name = Release;
		};
		C4CC50C11C3B36270021AA46 /* Debug */ = {
			isa = XCBuildConfiguration;
			baseConfigurationReference = D0D8DF972A8AD6C5258AF1A8 /* Pods-ApplicationGroupKit.debug.xcconfig */;
			buildSettings = {
				CLANG_ENABLE_MODULES = YES;
				"CODE_SIGN_IDENTITY[sdk=iphoneos*]" = "";
				DEFINES_MODULE = YES;
				DYLIB_COMPATIBILITY_VERSION = 1;
				DYLIB_CURRENT_VERSION = 1;
				DYLIB_INSTALL_NAME_BASE = "@rpath";
				INFOPLIST_FILE = Xcode/iOS/Info.plist;
				INSTALL_PATH = "$(LOCAL_LIBRARY_DIR)/Frameworks";
				LD_RUNPATH_SEARCH_PATHS = "$(inherited) @executable_path/Frameworks @loader_path/Frameworks";
				PRODUCT_BUNDLE_IDENTIFIER = fr.phimage.ApplicationGroupKit;
				PRODUCT_NAME = "$(TARGET_NAME)";
				SKIP_INSTALL = YES;
				SWIFT_OPTIMIZATION_LEVEL = "-Onone";
				SWIFT_VERSION = 3.0;
			};
			name = Debug;
		};
		C4CC50C21C3B36270021AA46 /* Release */ = {
			isa = XCBuildConfiguration;
			baseConfigurationReference = 54B0214CD66ADDE960103E11 /* Pods-ApplicationGroupKit.release.xcconfig */;
			buildSettings = {
				CLANG_ENABLE_MODULES = YES;
				"CODE_SIGN_IDENTITY[sdk=iphoneos*]" = "";
				DEFINES_MODULE = YES;
				DYLIB_COMPATIBILITY_VERSION = 1;
				DYLIB_CURRENT_VERSION = 1;
				DYLIB_INSTALL_NAME_BASE = "@rpath";
				INFOPLIST_FILE = Xcode/iOS/Info.plist;
				INSTALL_PATH = "$(LOCAL_LIBRARY_DIR)/Frameworks";
				LD_RUNPATH_SEARCH_PATHS = "$(inherited) @executable_path/Frameworks @loader_path/Frameworks";
				PRODUCT_BUNDLE_IDENTIFIER = fr.phimage.ApplicationGroupKit;
				PRODUCT_NAME = "$(TARGET_NAME)";
				SKIP_INSTALL = YES;
				SWIFT_VERSION = 3.0;
			};
			name = Release;
		};
		C4CC50EE1C3B3E980021AA46 /* Debug */ = {
			isa = XCBuildConfiguration;
			baseConfigurationReference = 6717F1D200BC8E6C77704AB1 /* Pods-ApplicationGroupKitOSX.debug.xcconfig */;
			buildSettings = {
				CLANG_ENABLE_MODULES = YES;
				CODE_SIGN_IDENTITY = "-";
				COMBINE_HIDPI_IMAGES = YES;
				DEFINES_MODULE = YES;
				DYLIB_COMPATIBILITY_VERSION = 1;
				DYLIB_CURRENT_VERSION = 1;
				DYLIB_INSTALL_NAME_BASE = "@rpath";
				FRAMEWORK_VERSION = A;
				INFOPLIST_FILE = Xcode/macOS/Info.plist;
				INSTALL_PATH = "$(LOCAL_LIBRARY_DIR)/Frameworks";
				LD_RUNPATH_SEARCH_PATHS = "$(inherited) @executable_path/../Frameworks @loader_path/Frameworks";
				MACOSX_DEPLOYMENT_TARGET = 10.11;
				PRODUCT_BUNDLE_IDENTIFIER = fr.phimage.ApplicationGroupKit;
				PRODUCT_NAME = ApplicationGroupKit;
				SDKROOT = macosx;
				SKIP_INSTALL = YES;
				SWIFT_OPTIMIZATION_LEVEL = "-Onone";
				SWIFT_VERSION = 3.0;
			};
			name = Debug;
		};
		C4CC50EF1C3B3E980021AA46 /* Release */ = {
			isa = XCBuildConfiguration;
			baseConfigurationReference = 4AD07F29FA0A339A2B0E1A92 /* Pods-ApplicationGroupKitOSX.release.xcconfig */;
			buildSettings = {
				CLANG_ENABLE_MODULES = YES;
				CODE_SIGN_IDENTITY = "-";
				COMBINE_HIDPI_IMAGES = YES;
				DEFINES_MODULE = YES;
				DYLIB_COMPATIBILITY_VERSION = 1;
				DYLIB_CURRENT_VERSION = 1;
				DYLIB_INSTALL_NAME_BASE = "@rpath";
				FRAMEWORK_VERSION = A;
				INFOPLIST_FILE = Xcode/macOS/Info.plist;
				INSTALL_PATH = "$(LOCAL_LIBRARY_DIR)/Frameworks";
				LD_RUNPATH_SEARCH_PATHS = "$(inherited) @executable_path/../Frameworks @loader_path/Frameworks";
				MACOSX_DEPLOYMENT_TARGET = 10.11;
				PRODUCT_BUNDLE_IDENTIFIER = fr.phimage.ApplicationGroupKit;
				PRODUCT_NAME = ApplicationGroupKit;
				SDKROOT = macosx;
				SKIP_INSTALL = YES;
				SWIFT_VERSION = 3.0;
			};
			name = Release;
		};
		C4CC50FB1C3B3EB40021AA46 /* Debug */ = {
			isa = XCBuildConfiguration;
			baseConfigurationReference = E7BA5924E99AE4AE121F42F8 /* Pods-ApplicationGroupKitTVOS.debug.xcconfig */;
			buildSettings = {
				CLANG_ENABLE_MODULES = YES;
				"CODE_SIGN_IDENTITY[sdk=appletvos*]" = "";
				DEFINES_MODULE = YES;
				DYLIB_COMPATIBILITY_VERSION = 1;
				DYLIB_CURRENT_VERSION = 1;
				DYLIB_INSTALL_NAME_BASE = "@rpath";
				INFOPLIST_FILE = Xcode/tvOS/Info.plist;
				INSTALL_PATH = "$(LOCAL_LIBRARY_DIR)/Frameworks";
				LD_RUNPATH_SEARCH_PATHS = "$(inherited) @executable_path/Frameworks @loader_path/Frameworks";
				PRODUCT_BUNDLE_IDENTIFIER = fr.phimage.ApplicationGroupKitTVOS;
				PRODUCT_NAME = ApplicationGroupKit;
				SDKROOT = appletvos;
				SKIP_INSTALL = YES;
				SWIFT_OPTIMIZATION_LEVEL = "-Onone";
				SWIFT_VERSION = 3.0;
				TARGETED_DEVICE_FAMILY = 3;
				TVOS_DEPLOYMENT_TARGET = 9.1;
			};
			name = Debug;
		};
		C4CC50FC1C3B3EB40021AA46 /* Release */ = {
			isa = XCBuildConfiguration;
			baseConfigurationReference = 67893A42D2BAFC718E333E69 /* Pods-ApplicationGroupKitTVOS.release.xcconfig */;
			buildSettings = {
				CLANG_ENABLE_MODULES = YES;
				"CODE_SIGN_IDENTITY[sdk=appletvos*]" = "";
				DEFINES_MODULE = YES;
				DYLIB_COMPATIBILITY_VERSION = 1;
				DYLIB_CURRENT_VERSION = 1;
				DYLIB_INSTALL_NAME_BASE = "@rpath";
				INFOPLIST_FILE = Xcode/tvOS/Info.plist;
				INSTALL_PATH = "$(LOCAL_LIBRARY_DIR)/Frameworks";
				LD_RUNPATH_SEARCH_PATHS = "$(inherited) @executable_path/Frameworks @loader_path/Frameworks";
				PRODUCT_BUNDLE_IDENTIFIER = fr.phimage.ApplicationGroupKitTVOS;
				PRODUCT_NAME = ApplicationGroupKit;
				SDKROOT = appletvos;
				SKIP_INSTALL = YES;
				SWIFT_VERSION = 3.0;
				TARGETED_DEVICE_FAMILY = 3;
				TVOS_DEPLOYMENT_TARGET = 9.1;
			};
			name = Release;
		};
/* End XCBuildConfiguration section */

/* Begin XCConfigurationList section */
		C4CC50B21C3B36270021AA46 /* Build configuration list for PBXProject "ApplicationGroupKit" */ = {
			isa = XCConfigurationList;
			buildConfigurations = (
				C4CC50BE1C3B36270021AA46 /* Debug */,
				C4CC50BF1C3B36270021AA46 /* Release */,
			);
			defaultConfigurationIsVisible = 0;
			defaultConfigurationName = Release;
		};
		C4CC50C01C3B36270021AA46 /* Build configuration list for PBXNativeTarget "ApplicationGroupKit" */ = {
			isa = XCConfigurationList;
			buildConfigurations = (
				C4CC50C11C3B36270021AA46 /* Debug */,
				C4CC50C21C3B36270021AA46 /* Release */,
			);
			defaultConfigurationIsVisible = 0;
			defaultConfigurationName = Release;
		};
		C4CC50ED1C3B3E980021AA46 /* Build configuration list for PBXNativeTarget "ApplicationGroupKitOSX" */ = {
			isa = XCConfigurationList;
			buildConfigurations = (
				C4CC50EE1C3B3E980021AA46 /* Debug */,
				C4CC50EF1C3B3E980021AA46 /* Release */,
			);
			defaultConfigurationIsVisible = 0;
			defaultConfigurationName = Release;
		};
		C4CC50FA1C3B3EB40021AA46 /* Build configuration list for PBXNativeTarget "ApplicationGroupKitTVOS" */ = {
			isa = XCConfigurationList;
			buildConfigurations = (
				C4CC50FB1C3B3EB40021AA46 /* Debug */,
				C4CC50FC1C3B3EB40021AA46 /* Release */,
			);
			defaultConfigurationIsVisible = 0;
			defaultConfigurationName = Release;
		};
/* End XCConfigurationList section */
	};
	rootObject = C4CC50AF1C3B36270021AA46 /* Project object */;
}
